# Generated by pub
# See http://pub.dartlang.org/doc/glossary.html#lockfile
packages:
  analyzer:
    description: analyzer
    source: hosted
    version: "0.26.2"
  archive:
    description: archive
    source: hosted
    version: "1.0.20"
  args:
    description: args
    source: hosted
    version: "0.13.2"
  asn1lib:
    description: asn1lib
    source: hosted
    version: "0.4.1"
  async:
    description: async
    source: hosted
    version: "1.4.0"
  barback:
    description: barback
    source: hosted
    version: "0.15.2+7"
  bignum:
    description: bignum
    source: hosted
    version: "0.0.7"
  cassowary:
    description: cassowary
    source: hosted
    version: "0.1.7"
  charcode:
    description: charcode
    source: hosted
    version: "1.1.0"
  cipher:
    description: cipher
    source: hosted
    version: "0.7.1"
  collection:
    description: collection
    source: hosted
    version: "1.1.3"
  concepts:
    description: concepts
    source: hosted
    version: "0.2.0"
  convert:
    description: convert
    source: hosted
    version: "1.0.1"
  crypto:
    description: crypto
    source: hosted
    version: "0.9.1"
  csslib:
    description: csslib
    source: hosted
    version: "0.12.2"
  either:
    description: either
    source: hosted
    version: "0.1.8"
  fixnum:
    description: fixnum
    source: hosted
    version: "0.9.1+2"
  flx:
    description: flx
    source: hosted
    version: "0.0.1"
  glob:
    description: glob
    source: hosted
    version: "1.0.5"
  html:
    description: html
    source: hosted
    version: "0.12.2"
  http_multi_server:
    description: http_multi_server
    source: hosted
    version: "1.3.2"
  http_parser:
    description: http_parser
    source: hosted
    version: "1.1.0"
  intl:
    description: intl
    source: hosted
    version: "0.12.4+2"
  logging:
    description: logging
    source: hosted
    version: "0.11.2"
  matcher:
    description: matcher
    source: hosted
    version: "0.12.0+1"
  material_design_icons:
    description: material_design_icons
    source: hosted
    version: "0.0.3"
  mime:
    description: mime
    source: hosted
    version: "0.9.3"
  mojo:
    description: mojo
    source: hosted
    version: "0.3.0"
  mojo_apptest:
    description: mojo_apptest
    source: hosted
    version: "0.2.3"
  mojo_sdk:
    description: mojo_sdk
    source: hosted
    version: "0.1.0"
  mojo_services:
    description: mojo_services
    source: hosted
    version: "0.4.0"
  mojom:
    description: mojom
    source: hosted
    version: "0.2.3"
  mustache4dart:
    description: mustache4dart
    source: hosted
    version: "1.0.10"
  newton:
    description: newton
    source: hosted
    version: "0.1.5"
  option:
    description: option
    source: hosted
    version: "1.1.0"
  package_config:
    description: package_config
    source: hosted
    version: "0.1.3"
  path:
    description: path
    source: hosted
    version: "1.3.6"
  petitparser:
    description: petitparser
    source: hosted
    version: "1.5.0"
  plugin:
    description: plugin
    source: hosted
    version: "0.1.0"
  pool:
    description: pool
    source: hosted
    version: "1.2.1"
  pub_semver:
    description: pub_semver
    source: hosted
    version: "1.2.3"
  quiver:
    description: quiver
    source: hosted
    version: "0.21.4"
  shelf:
    description: shelf
    source: hosted
    version: "0.6.4+1"
  shelf_path:
    description: shelf_path
    source: hosted
    version: "0.1.7"
  shelf_route:
    description: shelf_route
    source: hosted
    version: "0.13.5"
  shelf_static:
    description: shelf_static
    source: hosted
    version: "0.2.3+1"
  shelf_web_socket:
    description: shelf_web_socket
    source: hosted
    version: "0.0.1+4"
  sky_engine:
    description: sky_engine
    source: hosted
    version: "0.0.46"
  sky_services:
    description: sky_services
    source: hosted
    version: "0.0.46"
  sky_tools:
    description: sky_tools
    source: hosted
    version: "0.0.33"
  source_map_stack_trace:
    description: source_map_stack_trace
    source: hosted
    version: "1.0.4"
  source_maps:
    description: source_maps
    source: hosted
    version: "0.10.1"
  source_span:
    description: source_span
    source: hosted
    version: "1.2.1"
  stack_trace:
    description: stack_trace
    source: hosted
    version: "1.4.2"
  string_scanner:
    description: string_scanner
    source: hosted
    version: "0.1.4"
  test:
    description: test
    source: hosted
    version: "0.12.5+1"
  typed_data:
    description: typed_data
    source: hosted
    version: "1.1.1"
  uri:
    description: uri
    source: hosted
    version: "0.11.0"
  utf:
    description: utf
    source: hosted
    version: "0.9.0+2"
  vector_math:
    description: vector_math
    source: hosted
    version: "1.4.3"
  watcher:
    description: watcher
    source: hosted
    version: "0.9.7"
  yaml:
    description: yaml
    source: hosted
    version: "2.1.7"
